#MicroXplorer Configuration settings - do not modify
ADC1.Channel-3\#ChannelRegularConversion=ADC_CHANNEL_3
ADC1.Channel-4\#ChannelRegularConversion=ADC_CHANNEL_4
ADC1.Channel-5\#ChannelRegularConversion=ADC_CHANNEL_5
ADC1.Channel-6\#ChannelRegularConversion=ADC_CHANNEL_11
ADC1.Channel-7\#ChannelRegularConversion=ADC_CHANNEL_14
ADC1.Channel-8\#ChannelRegularConversion=ADC_CHANNEL_15
ADC1.Channel-9\#ChannelRegularConversion=ADC_CHANNEL_DAC1CH2_ADC2
ADC1.ClockPrescaler=ADC_CLOCK_ASYNC_DIV32
ADC1.ContinuousConvMode=ENABLE
ADC1.ConversionDataManagement=ADC_CONVERSIONDATA_DMA_CIRCULAR
ADC1.EOCSelection=ADC_EOC_SEQ_CONV
ADC1.IPParameters=Rank-3\#ChannelRegularConversion,Channel-3\#ChannelRegularConversion,SamplingTime-3\#ChannelRegularConversion,OffsetNumber-3\#ChannelRegularConversion,NbrOfConversionFlag,master,ClockPrescaler,ContinuousConvMode,EOCSelection,Overrun,ConversionDataManagement,OversamplingMode,Rank-4\#ChannelRegularConversion,Channel-4\#ChannelRegularConversion,SamplingTime-4\#ChannelRegularConversion,OffsetNumber-4\#ChannelRegularConversion,Rank-5\#ChannelRegularConversion,Channel-5\#ChannelRegularConversion,SamplingTime-5\#ChannelRegularConversion,OffsetNumber-5\#ChannelRegularConversion,Rank-6\#ChannelRegularConversion,Channel-6\#ChannelRegularConversion,SamplingTime-6\#ChannelRegularConversion,OffsetNumber-6\#ChannelRegularConversion,Rank-7\#ChannelRegularConversion,Channel-7\#ChannelRegularConversion,SamplingTime-7\#ChannelRegularConversion,OffsetNumber-7\#ChannelRegularConversion,Rank-8\#ChannelRegularConversion,Channel-8\#ChannelRegularConversion,SamplingTime-8\#ChannelRegularConversion,OffsetNumber-8\#ChannelRegularConversion,Rank-9\#ChannelRegularConversion,Channel-9\#ChannelRegularConversion,SamplingTime-9\#ChannelRegularConversion,OffsetNumber-9\#ChannelRegularConversion,NbrOfConversion
ADC1.NbrOfConversion=7
ADC1.NbrOfConversionFlag=1
ADC1.OffsetNumber-3\#ChannelRegularConversion=ADC_OFFSET_NONE
ADC1.OffsetNumber-4\#ChannelRegularConversion=ADC_OFFSET_NONE
ADC1.OffsetNumber-5\#ChannelRegularConversion=ADC_OFFSET_NONE
ADC1.OffsetNumber-6\#ChannelRegularConversion=ADC_OFFSET_NONE
ADC1.OffsetNumber-7\#ChannelRegularConversion=ADC_OFFSET_NONE
ADC1.OffsetNumber-8\#ChannelRegularConversion=ADC_OFFSET_NONE
ADC1.OffsetNumber-9\#ChannelRegularConversion=ADC_OFFSET_NONE
ADC1.Overrun=ADC_OVR_DATA_PRESERVED
ADC1.OversamplingMode=DISABLE
ADC1.Rank-3\#ChannelRegularConversion=1
ADC1.Rank-4\#ChannelRegularConversion=2
ADC1.Rank-5\#ChannelRegularConversion=3
ADC1.Rank-6\#ChannelRegularConversion=4
ADC1.Rank-7\#ChannelRegularConversion=5
ADC1.Rank-8\#ChannelRegularConversion=6
ADC1.Rank-9\#ChannelRegularConversion=7
ADC1.SamplingTime-3\#ChannelRegularConversion=ADC_SAMPLETIME_32CYCLES_5
ADC1.SamplingTime-4\#ChannelRegularConversion=ADC_SAMPLETIME_32CYCLES_5
ADC1.SamplingTime-5\#ChannelRegularConversion=ADC_SAMPLETIME_32CYCLES_5
ADC1.SamplingTime-6\#ChannelRegularConversion=ADC_SAMPLETIME_32CYCLES_5
ADC1.SamplingTime-7\#ChannelRegularConversion=ADC_SAMPLETIME_32CYCLES_5
ADC1.SamplingTime-8\#ChannelRegularConversion=ADC_SAMPLETIME_32CYCLES_5
ADC1.SamplingTime-9\#ChannelRegularConversion=ADC_SAMPLETIME_32CYCLES_5
ADC1.master=1
ADC3.Channel-0\#ChannelRegularConversion=ADC_CHANNEL_0
ADC3.ClockPrescaler=ADC_CLOCK_ASYNC_DIV32
ADC3.IPParameters=Rank-0\#ChannelRegularConversion,Channel-0\#ChannelRegularConversion,SamplingTime-0\#ChannelRegularConversion,OffsetNumber-0\#ChannelRegularConversion,NbrOfConversionFlag,ClockPrescaler,NbrOfConversion,OversamplingMode,RightBitShift,Ratio
ADC3.NbrOfConversion=1
ADC3.NbrOfConversionFlag=1
ADC3.OffsetNumber-0\#ChannelRegularConversion=ADC_OFFSET_NONE
ADC3.OversamplingMode=ENABLE
ADC3.Rank-0\#ChannelRegularConversion=1
ADC3.Ratio=1023
ADC3.RightBitShift=ADC_RIGHTBITSHIFT_10
ADC3.SamplingTime-0\#ChannelRegularConversion=ADC_SAMPLETIME_1CYCLE_5
DAC1.DAC_Channel-DAC_OUT2=DAC_CHANNEL_2
DAC1.DAC_Trigger-DAC_OUT1=DAC_TRIGGER_T6_TRGO
DAC1.IPParameters=DAC_Channel-DAC_OUT2,DAC_Trigger-DAC_OUT1
Dma.ADC1.2.Direction=DMA_PERIPH_TO_MEMORY
Dma.ADC1.2.EventEnable=DISABLE
Dma.ADC1.2.FIFOMode=DMA_FIFOMODE_DISABLE
Dma.ADC1.2.Instance=DMA1_Stream2
Dma.ADC1.2.MemDataAlignment=DMA_MDATAALIGN_WORD
Dma.ADC1.2.MemInc=DMA_MINC_ENABLE
Dma.ADC1.2.Mode=DMA_CIRCULAR
Dma.ADC1.2.PeriphDataAlignment=DMA_PDATAALIGN_WORD
Dma.ADC1.2.PeriphInc=DMA_PINC_DISABLE
Dma.ADC1.2.Polarity=HAL_DMAMUX_REQ_GEN_RISING
Dma.ADC1.2.Priority=DMA_PRIORITY_MEDIUM
Dma.ADC1.2.RequestNumber=1
Dma.ADC1.2.RequestParameters=Instance,Direction,PeriphInc,MemInc,PeriphDataAlignment,MemDataAlignment,Mode,Priority,FIFOMode,SignalID,Polarity,RequestNumber,SyncSignalID,SyncPolarity,SyncEnable,EventEnable,SyncRequestNumber
Dma.ADC1.2.SignalID=NONE
Dma.ADC1.2.SyncEnable=DISABLE
Dma.ADC1.2.SyncPolarity=HAL_DMAMUX_SYNC_NO_EVENT
Dma.ADC1.2.SyncRequestNumber=1
Dma.ADC1.2.SyncSignalID=NONE
Dma.DAC1_CH1.3.Direction=DMA_MEMORY_TO_PERIPH
Dma.DAC1_CH1.3.EventEnable=DISABLE
Dma.DAC1_CH1.3.FIFOMode=DMA_FIFOMODE_DISABLE
Dma.DAC1_CH1.3.Instance=DMA1_Stream3
Dma.DAC1_CH1.3.MemDataAlignment=DMA_MDATAALIGN_WORD
Dma.DAC1_CH1.3.MemInc=DMA_MINC_ENABLE
Dma.DAC1_CH1.3.Mode=DMA_CIRCULAR
Dma.DAC1_CH1.3.PeriphDataAlignment=DMA_PDATAALIGN_WORD
Dma.DAC1_CH1.3.PeriphInc=DMA_PINC_DISABLE
Dma.DAC1_CH1.3.Polarity=HAL_DMAMUX_REQ_GEN_RISING
Dma.DAC1_CH1.3.Priority=DMA_PRIORITY_LOW
Dma.DAC1_CH1.3.RequestNumber=1
Dma.DAC1_CH1.3.RequestParameters=Instance,Direction,PeriphInc,MemInc,PeriphDataAlignment,MemDataAlignment,Mode,Priority,FIFOMode,SignalID,Polarity,RequestNumber,SyncSignalID,SyncPolarity,SyncEnable,EventEnable,SyncRequestNumber
Dma.DAC1_CH1.3.SignalID=NONE
Dma.DAC1_CH1.3.SyncEnable=DISABLE
Dma.DAC1_CH1.3.SyncPolarity=HAL_DMAMUX_SYNC_NO_EVENT
Dma.DAC1_CH1.3.SyncRequestNumber=1
Dma.DAC1_CH1.3.SyncSignalID=NONE
Dma.Request0=SAI1_A
Dma.Request1=SAI1_B
Dma.Request2=ADC1
Dma.Request3=DAC1_CH1
Dma.RequestsNb=4
Dma.SAI1_A.0.Direction=DMA_PERIPH_TO_MEMORY
Dma.SAI1_A.0.EventEnable=DISABLE
Dma.SAI1_A.0.FIFOMode=DMA_FIFOMODE_DISABLE
Dma.SAI1_A.0.Instance=DMA1_Stream0
Dma.SAI1_A.0.MemDataAlignment=DMA_MDATAALIGN_WORD
Dma.SAI1_A.0.MemInc=DMA_MINC_ENABLE
Dma.SAI1_A.0.Mode=DMA_CIRCULAR
Dma.SAI1_A.0.PeriphDataAlignment=DMA_PDATAALIGN_WORD
Dma.SAI1_A.0.PeriphInc=DMA_PINC_DISABLE
Dma.SAI1_A.0.Polarity=HAL_DMAMUX_REQ_GEN_RISING
Dma.SAI1_A.0.Priority=DMA_PRIORITY_HIGH
Dma.SAI1_A.0.RequestNumber=1
Dma.SAI1_A.0.RequestParameters=Instance,Direction,PeriphInc,MemInc,PeriphDataAlignment,MemDataAlignment,Mode,Priority,FIFOMode,SignalID,Polarity,RequestNumber,SyncSignalID,SyncPolarity,SyncEnable,EventEnable,SyncRequestNumber
Dma.SAI1_A.0.SignalID=NONE
Dma.SAI1_A.0.SyncEnable=DISABLE
Dma.SAI1_A.0.SyncPolarity=HAL_DMAMUX_SYNC_NO_EVENT
Dma.SAI1_A.0.SyncRequestNumber=1
Dma.SAI1_A.0.SyncSignalID=NONE
Dma.SAI1_B.1.Direction=DMA_MEMORY_TO_PERIPH
Dma.SAI1_B.1.EventEnable=DISABLE
Dma.SAI1_B.1.FIFOMode=DMA_FIFOMODE_DISABLE
Dma.SAI1_B.1.Instance=DMA1_Stream1
Dma.SAI1_B.1.MemDataAlignment=DMA_MDATAALIGN_WORD
Dma.SAI1_B.1.MemInc=DMA_MINC_ENABLE
Dma.SAI1_B.1.Mode=DMA_CIRCULAR
Dma.SAI1_B.1.PeriphDataAlignment=DMA_PDATAALIGN_WORD
Dma.SAI1_B.1.PeriphInc=DMA_PINC_DISABLE
Dma.SAI1_B.1.Polarity=HAL_DMAMUX_REQ_GEN_RISING
Dma.SAI1_B.1.Priority=DMA_PRIORITY_HIGH
Dma.SAI1_B.1.RequestNumber=1
Dma.SAI1_B.1.RequestParameters=Instance,Direction,PeriphInc,MemInc,PeriphDataAlignment,MemDataAlignment,Mode,Priority,FIFOMode,SignalID,Polarity,RequestNumber,SyncSignalID,SyncPolarity,SyncEnable,EventEnable,SyncRequestNumber
Dma.SAI1_B.1.SignalID=NONE
Dma.SAI1_B.1.SyncEnable=DISABLE
Dma.SAI1_B.1.SyncPolarity=HAL_DMAMUX_SYNC_NO_EVENT
Dma.SAI1_B.1.SyncRequestNumber=1
Dma.SAI1_B.1.SyncSignalID=NONE
FATFS.BSP.number=1
FATFS.IPParameters=_USE_LFN,_LFN_UNICODE,_CODE_PAGE
FATFS._CODE_PAGE=437
FATFS._LFN_UNICODE=0
FATFS._USE_LFN=1
FATFS0.BSP.STBoard=false
FATFS0.BSP.api=Unknown
FATFS0.BSP.component=
FATFS0.BSP.condition=
FATFS0.BSP.i2caddr=0
FATFS0.BSP.i2creg=
FATFS0.BSP.instance=PF10
FATFS0.BSP.ip=GPIO
FATFS0.BSP.mode=Input
FATFS0.BSP.name=Detect_SDIO
FATFS0.BSP.semaphore=
FATFS0.BSP.solution=PF10
FMC.CASLatency1=FMC_SDRAM_CAS_LATENCY_3
FMC.ColumnBitsNumber1=FMC_SDRAM_COLUMN_BITS_NUM_9
FMC.ExitSelfRefreshDelay1=7
FMC.IPParameters=CASLatency1,ColumnBitsNumber1,SDClockPeriod1,SDClockPeriod2,ReadBurst1,ReadBurst2,ReadPipeDelay1,ReadPipeDelay2,LoadToActiveDelay1,ExitSelfRefreshDelay1,SelfRefreshTime1,RowCycleDelay1,RowCycleDelay2,WriteRecoveryTime1,RPDelay1,RPDelay2,RCDDelay1
FMC.LoadToActiveDelay1=2
FMC.RCDDelay1=2
FMC.RPDelay1=2
FMC.RPDelay2=2
FMC.ReadBurst1=FMC_SDRAM_RBURST_ENABLE
FMC.ReadBurst2=FMC_SDRAM_RBURST_ENABLE
FMC.ReadPipeDelay1=FMC_SDRAM_RPIPE_DELAY_1
FMC.ReadPipeDelay2=FMC_SDRAM_RPIPE_DELAY_1
FMC.RowCycleDelay1=7
FMC.RowCycleDelay2=7
FMC.SDClockPeriod1=FMC_SDRAM_CLOCK_PERIOD_3
FMC.SDClockPeriod2=FMC_SDRAM_CLOCK_PERIOD_3
FMC.SelfRefreshTime1=4
FMC.WriteRecoveryTime1=3
File.Version=6
I2C2.IPParameters=Timing
I2C2.Timing=0x90909BE8
KeepUserPlacement=true
Mcu.Family=STM32H7
Mcu.IP0=ADC1
Mcu.IP1=ADC3
Mcu.IP10=QUADSPI
Mcu.IP11=RCC
Mcu.IP12=SAI1
Mcu.IP13=SAI2
Mcu.IP14=SDMMC1
Mcu.IP15=SPI1
Mcu.IP16=SYS
Mcu.IP17=TIM3
Mcu.IP18=TIM4
Mcu.IP19=TIM6
Mcu.IP2=CORTEX_M7
Mcu.IP20=USART3
Mcu.IP21=USART6
Mcu.IP22=USB_DEVICE
Mcu.IP23=USB_OTG_FS
Mcu.IP3=DAC1
Mcu.IP4=DMA
Mcu.IP5=FATFS
Mcu.IP6=FMC
Mcu.IP7=I2C2
Mcu.IP8=MDMA
Mcu.IP9=NVIC
Mcu.IPNb=24
Mcu.Name=STM32H750IBKx
Mcu.Package=UFBGA176
Mcu.Pin0=PE3
Mcu.Pin1=PE2
Mcu.Pin10=PC12
Mcu.Pin100=PE9
Mcu.Pin101=PE11
Mcu.Pin102=PE14
Mcu.Pin103=PD9
Mcu.Pin104=PD8
Mcu.Pin105=PA3
Mcu.Pin106=PA7
Mcu.Pin107=PB1
Mcu.Pin108=PB0
Mcu.Pin109=PF11
Mcu.Pin11=PE4
Mcu.Pin110=PF14
Mcu.Pin111=PE7
Mcu.Pin112=PE10
Mcu.Pin113=PE12
Mcu.Pin114=PE15
Mcu.Pin115=PB10
Mcu.Pin116=PB11
Mcu.Pin117=VP_FATFS_VS_SDIO
Mcu.Pin118=VP_SAI1_VP_$IpInstance_SAIA_SAI_BASIC
Mcu.Pin119=VP_SAI1_VP_$IpInstance_SAIB_SAI_BASIC
Mcu.Pin12=PE5
Mcu.Pin120=VP_SAI2_VP_$IpInstance_SAIA_SAI_BASIC
Mcu.Pin121=VP_SAI2_VP_$IpInstance_SAIB_SAI_BASIC
Mcu.Pin122=VP_SYS_VS_Systick
Mcu.Pin123=VP_SYS_V_PVD_IN
Mcu.Pin124=VP_TIM3_VS_ClockSourceINT
Mcu.Pin125=VP_TIM4_VS_ClockSourceINT
Mcu.Pin126=VP_TIM6_VS_ClockSourceINT
Mcu.Pin127=VP_USB_DEVICE_VS_USB_DEVICE_AUDIO_FS
Mcu.Pin13=PE6
Mcu.Pin14=PB7
Mcu.Pin15=PB6
Mcu.Pin16=PG15
Mcu.Pin17=PG11
Mcu.Pin18=PG10
Mcu.Pin19=PD6
Mcu.Pin2=PE1
Mcu.Pin20=PD0
Mcu.Pin21=PC11
Mcu.Pin22=PC10
Mcu.Pin23=PA12
Mcu.Pin24=PI7
Mcu.Pin25=PI6
Mcu.Pin26=PI5
Mcu.Pin27=PG9
Mcu.Pin28=PD1
Mcu.Pin29=PI3
Mcu.Pin3=PE0
Mcu.Pin30=PI2
Mcu.Pin31=PA11
Mcu.Pin32=PI9
Mcu.Pin33=PI4
Mcu.Pin34=PD2
Mcu.Pin35=PH15
Mcu.Pin36=PI1
Mcu.Pin37=PA10
Mcu.Pin38=PF0
Mcu.Pin39=PI10
Mcu.Pin4=PB8
Mcu.Pin40=PH13
Mcu.Pin41=PH14
Mcu.Pin42=PI0
Mcu.Pin43=PH2
Mcu.Pin44=PC9
Mcu.Pin45=PA8
Mcu.Pin46=PH0-OSC_IN (PH0)
Mcu.Pin47=PH3
Mcu.Pin48=PC8
Mcu.Pin49=PC7
Mcu.Pin5=PB5
Mcu.Pin50=PH1-OSC_OUT (PH1)
Mcu.Pin51=PF2
Mcu.Pin52=PF1
Mcu.Pin53=PH4
Mcu.Pin54=PG8
Mcu.Pin55=PC6
Mcu.Pin56=PF3
Mcu.Pin57=PF4
Mcu.Pin58=PH5
Mcu.Pin59=PG7
Mcu.Pin6=PG14
Mcu.Pin60=PG6
Mcu.Pin61=PF7
Mcu.Pin62=PF6
Mcu.Pin63=PF5
Mcu.Pin64=PH12
Mcu.Pin65=PG5
Mcu.Pin66=PG4
Mcu.Pin67=PF10
Mcu.Pin68=PF9
Mcu.Pin69=PF8
Mcu.Pin7=PG13
Mcu.Pin70=PH11
Mcu.Pin71=PH10
Mcu.Pin72=PD15
Mcu.Pin73=PG2
Mcu.Pin74=PC0
Mcu.Pin75=PC1
Mcu.Pin76=PC2_C
Mcu.Pin77=PB2
Mcu.Pin78=PG1
Mcu.Pin79=PH8
Mcu.Pin8=PB4 (NJTRST)
Mcu.Pin80=PH9
Mcu.Pin81=PD14
Mcu.Pin82=PD13
Mcu.Pin83=PA1
Mcu.Pin84=PA0
Mcu.Pin85=PA4
Mcu.Pin86=PC4
Mcu.Pin87=PF13
Mcu.Pin88=PG0
Mcu.Pin89=PE13
Mcu.Pin9=PD7
Mcu.Pin90=PD12
Mcu.Pin91=PD11
Mcu.Pin92=PD10
Mcu.Pin93=PA2
Mcu.Pin94=PA6
Mcu.Pin95=PA5
Mcu.Pin96=PC5
Mcu.Pin97=PF12
Mcu.Pin98=PF15
Mcu.Pin99=PE8
Mcu.PinsNb=128
Mcu.ThirdPartyNb=0
Mcu.UserConstants=
Mcu.UserName=STM32H750IBKx
Mdma.MDMA_Channel0.Request0=SDMMC1_END_DATA
Mdma.MDMA_Channel0.RequestsNb=1
Mdma.MDMA_Channel0.SDMMC1_END_DATA.0.BlockCount=0
Mdma.MDMA_Channel0.SDMMC1_END_DATA.0.BlockDataLength=0
Mdma.MDMA_Channel0.SDMMC1_END_DATA.0.BufferTransferLength=1
Mdma.MDMA_Channel0.SDMMC1_END_DATA.0.CircularMode=MDMA_LINEAR_LIST
Mdma.MDMA_Channel0.SDMMC1_END_DATA.0.DataAlignment=MDMA_DATAALIGN_PACKENABLE
Mdma.MDMA_Channel0.SDMMC1_END_DATA.0.DestBlockAddressOffset=0
Mdma.MDMA_Channel0.SDMMC1_END_DATA.0.DestBurst=MDMA_DEST_BURST_SINGLE
Mdma.MDMA_Channel0.SDMMC1_END_DATA.0.DestDataSize=MDMA_DEST_DATASIZE_BYTE
Mdma.MDMA_Channel0.SDMMC1_END_DATA.0.DestinationInc=MDMA_DEST_INC_BYTE
Mdma.MDMA_Channel0.SDMMC1_END_DATA.0.DstAddress=0
Mdma.MDMA_Channel0.SDMMC1_END_DATA.0.Endianness=MDMA_LITTLE_ENDIANNESS_PRESERVE
Mdma.MDMA_Channel0.SDMMC1_END_DATA.0.Instance=MDMA_Channel0
Mdma.MDMA_Channel0.SDMMC1_END_DATA.0.MaskAddress=0
Mdma.MDMA_Channel0.SDMMC1_END_DATA.0.MaskData=0
Mdma.MDMA_Channel0.SDMMC1_END_DATA.0.Priority=MDMA_PRIORITY_LOW
Mdma.MDMA_Channel0.SDMMC1_END_DATA.0.Rank=First
Mdma.MDMA_Channel0.SDMMC1_END_DATA.0.RequestParameters=Instance,CircularMode,TransferTriggerMode,Priority,Endianness,SourceInc,DestinationInc,SourceDataSize,DestDataSize,DataAlignment,BufferTransferLength,SourceBurst,DestBurst,SourceBlockAddressOffset,DestBlockAddressOffset,MaskAddress,MaskData,SrcAddress,DstAddress,BlockDataLength,BlockCount,Rank
Mdma.MDMA_Channel0.SDMMC1_END_DATA.0.SourceBlockAddressOffset=0
Mdma.MDMA_Channel0.SDMMC1_END_DATA.0.SourceBurst=MDMA_SOURCE_BURST_SINGLE
Mdma.MDMA_Channel0.SDMMC1_END_DATA.0.SourceDataSize=MDMA_SRC_DATASIZE_BYTE
Mdma.MDMA_Channel0.SDMMC1_END_DATA.0.SourceInc=MDMA_SRC_INC_BYTE
Mdma.MDMA_Channel0.SDMMC1_END_DATA.0.SrcAddress=0
Mdma.MDMA_Channel0.SDMMC1_END_DATA.0.TransferTriggerMode=MDMA_BUFFER_TRANSFER
Mdma.RequestSet0=MDMA_Channel0
Mdma.RequestSetsNb=1
MxCube.Version=5.2.1
MxDb.Version=DB.5.0.21
NVIC.BusFault_IRQn=true\:0\:0\:false\:false\:true\:false\:false
NVIC.DMA1_Stream0_IRQn=true\:0\:0\:false\:false\:true\:false\:true
NVIC.DMA1_Stream1_IRQn=true\:0\:0\:false\:false\:true\:false\:true
NVIC.DMA1_Stream2_IRQn=true\:0\:0\:false\:false\:true\:false\:true
NVIC.DMA1_Stream3_IRQn=true\:0\:0\:false\:false\:true\:false\:true
NVIC.DebugMonitor_IRQn=true\:0\:0\:false\:false\:true\:false\:false
NVIC.HardFault_IRQn=true\:0\:0\:false\:false\:true\:false\:false
NVIC.MemoryManagement_IRQn=true\:0\:0\:false\:false\:true\:false\:false
NVIC.NonMaskableInt_IRQn=true\:0\:0\:false\:false\:true\:false\:false
NVIC.OTG_FS_IRQn=true\:0\:0\:false\:false\:true\:true\:true
NVIC.PendSV_IRQn=true\:0\:0\:false\:false\:true\:false\:false
NVIC.PriorityGroup=NVIC_PRIORITYGROUP_4
NVIC.QUADSPI_IRQn=true\:0\:0\:false\:false\:true\:true\:true
NVIC.SDMMC1_IRQn=true\:0\:0\:false\:false\:true\:true\:true
NVIC.SVCall_IRQn=true\:0\:0\:false\:false\:true\:false\:false
NVIC.SysTick_IRQn=true\:0\:0\:false\:false\:true\:false\:true
NVIC.TIM6_DAC_IRQn=true\:0\:0\:false\:false\:true\:true\:true
NVIC.UsageFault_IRQn=true\:0\:0\:false\:false\:true\:false\:false
PA0.Locked=true
PA0.Mode=SAI_B_SyncSlave
PA0.Signal=SAI2_SD_B
PA1.Locked=true
PA1.Mode=IN17-Single-Ended
PA1.Signal=ADC1_INP17
PA10.GPIOParameters=GPIO_Label
PA10.GPIO_Label=USB_OTG_FS_ID
PA10.Locked=true
PA10.Signal=GPIO_Input
PA11.Mode=Device_Only
PA11.Signal=USB_OTG_FS_DM
PA12.Mode=Device_Only
PA12.Signal=USB_OTG_FS_DP
PA2.Locked=true
PA2.Signal=ADCx_INP14
PA3.Locked=true
PA3.Signal=ADCx_INP15
PA4.Signal=COMP_DAC11_group
PA5.Signal=COMP_DAC12_group
PA6.Locked=true
PA6.Signal=ADCx_INP3
PA7.Signal=S_TIM3_CH2
PA8.Mode=Activate_SOF_FS
PA8.Signal=USB_OTG_FS_SOF
PB0.Signal=S_TIM3_CH3
PB1.Signal=ADCx_INP5
PB10.Mode=Asynchronous
PB10.Signal=USART3_TX
PB11.Mode=Asynchronous
PB11.Signal=USART3_RX
PB2.Locked=true
PB2.Mode=Single Bank 1
PB2.Signal=QUADSPI_CLK
PB4\ (NJTRST).Signal=S_TIM3_CH1
PB5.Mode=Full_Duplex_Master
PB5.Signal=SPI1_MOSI
PB6.Signal=S_TIM4_CH1
PB7.Signal=S_TIM4_CH2
PB8.Signal=S_TIM4_CH3
PC0.Locked=true
PC0.Signal=FMC_SDNWE
PC1.Locked=true
PC1.Signal=ADCx_INP11
PC10.Mode=SD_4_bits_Wide_bus
PC10.Signal=SDMMC1_D2
PC11.Mode=SD_4_bits_Wide_bus
PC11.Signal=SDMMC1_D3
PC12.Mode=SD_4_bits_Wide_bus
PC12.Signal=SDMMC1_CK
PC2_C.Locked=true
PC2_C.Mode=IN0-Single-Ended
PC2_C.Signal=ADC3_INP0
PC4.Signal=ADCx_INP4
PC5.GPIOParameters=GPIO_Label
PC5.GPIO_Label=SD_PWR
PC5.Locked=true
PC5.Signal=GPIO_Output
PC6.GPIOParameters=GPIO_Label
PC6.GPIO_Label=USB_OVCR
PC6.Locked=true
PC6.Signal=GPIO_Input
PC7.Mode=Asynchronous
PC7.Signal=USART6_RX
PC8.Mode=SD_4_bits_Wide_bus
PC8.Signal=SDMMC1_D0
PC9.Mode=SD_4_bits_Wide_bus
PC9.Signal=SDMMC1_D1
PCC.Checker=true
PCC.Line=STM32H750 Value line
PCC.MCU=STM32H750IBKx
PCC.PartNumber=STM32H750IBKx
PCC.Seq0=0
PCC.Series=STM32H7
PCC.Temperature=25
PCC.Vdd=3.0
PD0.Signal=FMC_D2_DA2
PD1.Signal=FMC_D3_DA3
PD10.Signal=FMC_D15_DA15
PD11.Mode=SAI_A_AsyncSlave
PD11.Signal=SAI2_SD_A
PD12.Mode=SAI_A_AsyncSlave
PD12.Signal=SAI2_FS_A
PD13.Mode=SAI_A_AsyncSlave
PD13.Signal=SAI2_SCK_A
PD14.Signal=FMC_D0_DA0
PD15.Signal=FMC_D1_DA1
PD2.Mode=SD_4_bits_Wide_bus
PD2.Signal=SDMMC1_CMD
PD6.GPIOParameters=GPIO_Label
PD6.GPIO_Label=LED_1
PD6.Locked=true
PD6.Signal=GPIO_Output
PD7.GPIOParameters=GPIO_Label
PD7.GPIO_Label=LED_2
PD7.Locked=true
PD7.Signal=GPIO_Output
PD8.Signal=FMC_D13_DA13
PD9.Signal=FMC_D14_DA14
PE0.Signal=FMC_NBL0
PE1.Signal=FMC_NBL1
PE10.Signal=FMC_D7_DA7
PE11.Signal=FMC_D8_DA8
PE12.Signal=FMC_D9_DA9
PE13.Signal=FMC_D10_DA10
PE14.Signal=FMC_D11_DA11
PE15.Signal=FMC_D12_DA12
PE2.Mode=SAI_A_MasterWithClock
PE2.Signal=SAI1_MCLK_A
PE3.Mode=SAI_B_SyncSlave
PE3.Signal=SAI1_SD_B
PE4.Mode=SAI_A_MasterWithClock
PE4.Signal=SAI1_FS_A
PE5.Mode=SAI_A_MasterWithClock
PE5.Signal=SAI1_SCK_A
PE6.Mode=SAI_A_MasterWithClock
PE6.Signal=SAI1_SD_A
PE7.Signal=FMC_D4_DA4
PE8.Signal=FMC_D5_DA5
PE9.Signal=FMC_D6_DA6
PF0.Signal=FMC_A0
PF1.Signal=FMC_A1
PF10.GPIOParameters=GPIO_Label
PF10.GPIO_Label=SDMMC1_DETECT
PF10.Locked=true
PF10.Signal=GPIO_Input
PF11.Signal=FMC_SDNRAS
PF12.Signal=FMC_A6
PF13.Signal=FMC_A7
PF14.Signal=FMC_A8
PF15.Signal=FMC_A9
PF2.Signal=FMC_A2
PF3.Signal=FMC_A3
PF4.Signal=FMC_A4
PF5.Signal=FMC_A5
PF6.Mode=Single Bank 1
PF6.Signal=QUADSPI_BK1_IO3
PF7.Locked=true
PF7.Mode=Single Bank 1
PF7.Signal=QUADSPI_BK1_IO2
PF8.Locked=true
PF8.Mode=Single Bank 1
PF8.Signal=QUADSPI_BK1_IO0
PF9.Locked=true
PF9.Mode=Single Bank 1
PF9.Signal=QUADSPI_BK1_IO1
PG0.Signal=FMC_A10
PG1.Signal=FMC_A11
PG10.Locked=true
PG10.Mode=NSS_Signal_Hard_Output
PG10.Signal=SPI1_NSS
PG11.Mode=Full_Duplex_Master
PG11.Signal=SPI1_SCK
PG13.GPIOParameters=GPIO_Label
PG13.GPIO_Label=SW_USER
PG13.Locked=true
PG13.Signal=GPIO_Input
PG14.Mode=Asynchronous
PG14.Signal=USART6_TX
PG15.Signal=FMC_SDNCAS
PG2.Signal=FMC_A12
PG4.Signal=FMC_A14_BA0
PG5.Signal=FMC_A15_BA1
PG6.Mode=Single Bank 1
PG6.Signal=QUADSPI_BK1_NCS
PG7.GPIOParameters=GPIO_Label
PG7.GPIO_Label=USB_PPWR_EN
PG7.Locked=true
PG7.Signal=GPIO_Output
PG8.Signal=FMC_SDCLK
PG9.Mode=Full_Duplex_Master
PG9.Signal=SPI1_MISO
PH0-OSC_IN\ (PH0).Mode=HSE-External-Oscillator
PH0-OSC_IN\ (PH0).Signal=RCC_OSC_IN
PH1-OSC_OUT\ (PH1).Mode=HSE-External-Oscillator
PH1-OSC_OUT\ (PH1).Signal=RCC_OSC_OUT
PH10.Signal=FMC_D18
PH11.Signal=FMC_D19
PH12.Signal=FMC_D20
PH13.Signal=FMC_D21
PH14.Signal=FMC_D22
PH15.Signal=FMC_D23
PH2.Mode=SdramChipSelect1_1
PH2.Signal=FMC_SDCKE0
PH3.Mode=SdramChipSelect1_1
PH3.Signal=FMC_SDNE0
PH4.Mode=I2C
PH4.Signal=I2C2_SCL
PH5.Mode=I2C
PH5.Signal=I2C2_SDA
PH8.Signal=FMC_D16
PH9.Signal=FMC_D17
PI0.Signal=FMC_D24
PI1.Signal=FMC_D25
PI10.Signal=FMC_D31
PI2.Signal=FMC_D26
PI3.Signal=FMC_D27
PI4.Signal=FMC_NBL2
PI5.Signal=FMC_NBL3
PI6.Signal=FMC_D28
PI7.Signal=FMC_D29
PI9.Signal=FMC_D30
PinOutPanel.CurrentBGAView=Top
PinOutPanel.RotationAngle=0
ProjectManager.AskForMigrate=true
ProjectManager.BackupPrevious=false
ProjectManager.CompilerOptimize=6
ProjectManager.ComputerToolchain=false
ProjectManager.CoupleFile=true
ProjectManager.CustomerFirmwarePackage=
ProjectManager.DefaultFWLocation=true
ProjectManager.DeletePrevious=true
ProjectManager.DeviceId=STM32H750IBKx
ProjectManager.FirmwarePackage=STM32Cube FW_H7 V1.4.0
ProjectManager.FreePins=false
ProjectManager.HalAssertFull=false
ProjectManager.HeapSize=0x2000
ProjectManager.KeepUserCode=true
ProjectManager.LastFirmware=true
ProjectManager.LibraryCopy=0
ProjectManager.MainLocation=Src
ProjectManager.NoMain=false
ProjectManager.PreviousToolchain=
ProjectManager.ProjectBuild=false
ProjectManager.ProjectFileName=ES_Daisy_Rev3.ioc
ProjectManager.ProjectName=ES_Daisy_Rev3
ProjectManager.StackSize=0x4000
ProjectManager.TargetToolchain=Other Toolchains (GPDSC)
ProjectManager.ToolChainLocation=
ProjectManager.UnderRoot=false
ProjectManager.functionlistsort=1-MX_GPIO_Init-GPIO-false-HAL-true,2-MX_DMA_Init-DMA-false-HAL-true,3-MX_MDMA_Init-MDMA-false-HAL-true,4-SystemClock_Config-RCC-false-HAL-false,5-MX_ADC1_Init-ADC1-false-HAL-true,6-MX_ADC3_Init-ADC3-false-HAL-true,7-MX_CORTEX_M7_Init-CORTEX_M7-false-HAL-true,8-MX_DAC1_Init-DAC1-false-HAL-true,9-MX_FMC_Init-FMC-false-HAL-true,10-MX_I2C2_Init-I2C2-false-HAL-true,11-MX_SAI1_Init-SAI1-false-HAL-true,12-MX_SAI2_Init-SAI2-false-HAL-true,13-MX_SDMMC1_SD_Init-SDMMC1-false-HAL-true,14-MX_USART3_UART_Init-USART3-false-HAL-true,15-MX_USART6_UART_Init-USART6-false-HAL-true,16-MX_QUADSPI_Init-QUADSPI-false-HAL-true,17-MX_SPI1_Init-SPI1-false-HAL-true,18-MX_TIM3_Init-TIM3-false-HAL-true,19-MX_TIM4_Init-TIM4-false-HAL-true,20-MX_FATFS_Init-FATFS-false-HAL-true,21-MX_USB_DEVICE_Init-USB_DEVICE-false-HAL-true,22-MX_TIM6_Init-TIM6-false-HAL-true
QUADSPI.ChipSelectHighTime=QSPI_CS_HIGH_TIME_2_CYCLE
QUADSPI.ClockPrescaler=7
QUADSPI.FlashSize=20
QUADSPI.IPParameters=SampleShifting,ClockPrescaler,ChipSelectHighTime,FlashSize
QUADSPI.SampleShifting=QSPI_SAMPLE_SHIFTING_NONE
RCC.ADCCLockSelection=RCC_ADCCLKSOURCE_PLL3
RCC.ADCFreq_Value=393333333.3333333
RCC.AHB12Freq_Value=200000000
RCC.AHB4Freq_Value=200000000
RCC.APB1Freq_Value=100000000
RCC.APB2Freq_Value=100000000
RCC.APB3Freq_Value=100000000
RCC.APB4Freq_Value=100000000
RCC.AXIClockFreq_Value=200000000
RCC.CECFreq_Value=32000
RCC.CKPERFreq_Value=16000000
RCC.CKPERSourceSelection=RCC_CLKPSOURCE_HSE
RCC.CPU2Freq_Value=200000000
RCC.CPU2SystikFreq_Value=200000000
RCC.CortexFreq_Value=400000000
RCC.CpuClockFreq_Value=400000000
RCC.D1CPREFreq_Value=400000000
RCC.D1PPRE=RCC_APB3_DIV2
RCC.D2PPRE1=RCC_APB1_DIV2
RCC.D2PPRE2=RCC_APB2_DIV2
RCC.D3PPRE=RCC_APB4_DIV2
RCC.DFSDMACLkFreq_Value=12291666.666666666
RCC.DFSDMFreq_Value=100000000
RCC.DIVM1=4
RCC.DIVM2=4
RCC.DIVM3=6
RCC.DIVN1=200
RCC.DIVN2=100
RCC.DIVN3=295
RCC.DIVP1Freq_Value=400000000
RCC.DIVP2Freq_Value=200000000
RCC.DIVP3=64
RCC.DIVP3Freq_Value=12291666.666666666
RCC.DIVQ1=5
RCC.DIVQ1Freq_Value=160000000
RCC.DIVQ2Freq_Value=200000000
RCC.DIVQ3=4
RCC.DIVQ3Freq_Value=196666666.66666666
RCC.DIVR1Freq_Value=400000000
RCC.DIVR2Freq_Value=200000000
RCC.DIVR3Freq_Value=393333333.3333333
RCC.FDCANFreq_Value=160000000
RCC.FLatency=FLASH_LATENCY_7
RCC.FMCCLockSelection=RCC_FMCCLKSOURCE_PLL
RCC.FMCFreq_Value=160000000
RCC.FamilyName=M
RCC.HCLK3ClockFreq_Value=200000000
RCC.HCLKFreq_Value=200000000
RCC.HPRE=RCC_HCLK_DIV2
RCC.HRTIMFreq_Value=200000000
RCC.HSE_VALUE=16000000
RCC.I2C123CLockSelection=RCC_I2C123CLKSOURCE_PLL3
RCC.I2C123Freq_Value=393333333.3333333
RCC.I2C4Freq_Value=100000000
RCC.IPParameters=ADCCLockSelection,ADCFreq_Value,AHB12Freq_Value,AHB4Freq_Value,APB1Freq_Value,APB2Freq_Value,APB3Freq_Value,APB4Freq_Value,AXIClockFreq_Value,CECFreq_Value,CKPERFreq_Value,CKPERSourceSelection,CPU2Freq_Value,CPU2SystikFreq_Value,CortexFreq_Value,CpuClockFreq_Value,D1CPREFreq_Value,D1PPRE,D2PPRE1,D2PPRE2,D3PPRE,DFSDMACLkFreq_Value,DFSDMFreq_Value,DIVM1,DIVM2,DIVM3,DIVN1,DIVN2,DIVN3,DIVP1Freq_Value,DIVP2Freq_Value,DIVP3,DIVP3Freq_Value,DIVQ1,DIVQ1Freq_Value,DIVQ2Freq_Value,DIVQ3,DIVQ3Freq_Value,DIVR1Freq_Value,DIVR2Freq_Value,DIVR3Freq_Value,FDCANFreq_Value,FLatency,FMCCLockSelection,FMCFreq_Value,FamilyName,HCLK3ClockFreq_Value,HCLKFreq_Value,HPRE,HRTIMFreq_Value,HSE_VALUE,I2C123CLockSelection,I2C123Freq_Value,I2C4Freq_Value,LPTIM1Freq_Value,LPTIM2Freq_Value,LPTIM345Freq_Value,LPUART1Freq_Value,LTDCFreq_Value,MCO1PinFreq_Value,MCO2PinFreq_Value,PLL2FRACN,PLL3FRACN,PLLSourceVirtual,PWR_Regulator_Voltage_Scale,QSPICLockSelection,QSPIFreq_Value,RNGFreq_Value,RTCFreq_Value,SAI1CLockSelection,SAI1Freq_Value,SAI23CLockSelection,SAI23Freq_Value,SAI4AFreq_Value,SAI4BFreq_Value,SDMMCFreq_Value,SPDIFRXFreq_Value,SPI123CLockSelection,SPI123Freq_Value,SPI45Freq_Value,SPI6Freq_Value,SWPMI1Freq_Value,SYSCLKFreq_VALUE,SYSCLKSource,Tim1OutputFreq_Value,Tim2OutputFreq_Value,TraceFreq_Value,USART16Freq_Value,USART234578Freq_Value,USBCLockSelection,USBFreq_Value,VCO1OutputFreq_Value,VCO2OutputFreq_Value,VCO3OutputFreq_Value,VCOInput1Freq_Value,VCOInput2Freq_Value,VCOInput3Freq_Value
RCC.LPTIM1Freq_Value=100000000
RCC.LPTIM2Freq_Value=100000000
RCC.LPTIM345Freq_Value=100000000
RCC.LPUART1Freq_Value=100000000
RCC.LTDCFreq_Value=393333333.3333333
RCC.MCO1PinFreq_Value=64000000
RCC.MCO2PinFreq_Value=400000000
RCC.PLL2FRACN=0
RCC.PLL3FRACN=0
RCC.PLLSourceVirtual=RCC_PLLSOURCE_HSE
RCC.PWR_Regulator_Voltage_Scale=PWR_REGULATOR_VOLTAGE_SCALE1
RCC.QSPICLockSelection=RCC_QSPICLKSOURCE_PLL2
RCC.QSPIFreq_Value=200000000
RCC.RNGFreq_Value=48000000
RCC.RTCFreq_Value=32000
RCC.SAI1CLockSelection=RCC_SAI1CLKSOURCE_PLL3
RCC.SAI1Freq_Value=12291666.666666666
RCC.SAI23CLockSelection=RCC_SAI23CLKSOURCE_PLL3
RCC.SAI23Freq_Value=12291666.666666666
RCC.SAI4AFreq_Value=160000000
RCC.SAI4BFreq_Value=160000000
RCC.SDMMCFreq_Value=160000000
RCC.SPDIFRXFreq_Value=160000000
RCC.SPI123CLockSelection=RCC_SPI123CLKSOURCE_PLL2
RCC.SPI123Freq_Value=200000000
RCC.SPI45Freq_Value=100000000
RCC.SPI6Freq_Value=100000000
RCC.SWPMI1Freq_Value=100000000
RCC.SYSCLKFreq_VALUE=400000000
RCC.SYSCLKSource=RCC_SYSCLKSOURCE_PLLCLK
RCC.Tim1OutputFreq_Value=200000000
RCC.Tim2OutputFreq_Value=200000000
RCC.TraceFreq_Value=64000000
RCC.USART16Freq_Value=100000000
RCC.USART234578Freq_Value=100000000
RCC.USBCLockSelection=RCC_USBCLKSOURCE_HSI48
RCC.USBFreq_Value=48000000
RCC.VCO1OutputFreq_Value=800000000
RCC.VCO2OutputFreq_Value=400000000
RCC.VCO3OutputFreq_Value=786666666.6666666
RCC.VCOInput1Freq_Value=4000000
RCC.VCOInput2Freq_Value=4000000
RCC.VCOInput3Freq_Value=2666666.6666666665
SAI1.AudioFrequency-SAI_A_MasterWithClock=SAI_AUDIO_FREQUENCY_48K
SAI1.AudioMode-SAI_A_MasterWithClock=SAI_MODEMASTER_RX
SAI1.AudioMode-SAI_B_SyncSlave=SAI_MODESLAVE_TX
SAI1.BasicDataSize-SAI_A_MasterWithClock=SAI_PROTOCOL_DATASIZE_24BIT
SAI1.BasicDataSize-SAI_B_SyncSlave=SAI_PROTOCOL_DATASIZE_24BIT
SAI1.ErrorAudioFreq-SAI_A_MasterWithClock=0.02 %
SAI1.IPParameters=Instance-SAI_A_MasterWithClock,VirtualMode-SAI_A_MasterWithClock,Synchro-SAI_A_MasterWithClock,MClockEnable-SAI_A_MasterWithClock,RealAudioFreq-SAI_A_MasterWithClock,ErrorAudioFreq-SAI_A_MasterWithClock,InitProtocol-SAI_A_MasterWithClock,VirtualProtocol-SAI_A_BASIC,Instance-SAI_B_SyncSlave,VirtualMode-SAI_B_SyncSlave,Synchro-SAI_B_SyncSlave,InitProtocol-SAI_B_SyncSlave,VirtualProtocol-SAI_B_BASIC,AudioMode-SAI_A_MasterWithClock,BasicDataSize-SAI_A_MasterWithClock,AudioMode-SAI_B_SyncSlave,BasicDataSize-SAI_B_SyncSlave,NoDivider-SAI_A_MasterWithClock,AudioFrequency-SAI_A_MasterWithClock
SAI1.InitProtocol-SAI_A_MasterWithClock=Enable
SAI1.InitProtocol-SAI_B_SyncSlave=Enable
SAI1.Instance-SAI_A_MasterWithClock=SAI$Index_Block_A
SAI1.Instance-SAI_B_SyncSlave=SAI$Index_Block_B
SAI1.MClockEnable-SAI_A_MasterWithClock=SAI_MASTERCLOCK_ENABLE
SAI1.NoDivider-SAI_A_MasterWithClock=SAI_MASTERDIVIDER_ENABLE
SAI1.RealAudioFreq-SAI_A_MasterWithClock=48.014 KHz
SAI1.Synchro-SAI_A_MasterWithClock=SAI_ASYNCHRONOUS
SAI1.Synchro-SAI_B_SyncSlave=SAI_SYNCHRONOUS
SAI1.VirtualMode-SAI_A_MasterWithClock=VM_MASTER
SAI1.VirtualMode-SAI_B_SyncSlave=VM_SLAVE
SAI1.VirtualProtocol-SAI_A_BASIC=VM_BASIC_PROTOCOL
SAI1.VirtualProtocol-SAI_B_BASIC=VM_BASIC_PROTOCOL
SAI2.IPParameters=Instance-SAI_A_AsyncSlave,VirtualMode-SAI_A_AsyncSlave,Synchro-SAI_A_AsyncSlave,InitProtocol-SAI_A_AsyncSlave,VirtualProtocol-SAI_A_BASIC,Instance-SAI_B_SyncSlave,VirtualMode-SAI_B_SyncSlave,Synchro-SAI_B_SyncSlave,InitProtocol-SAI_B_SyncSlave,VirtualProtocol-SAI_B_BASIC
SAI2.InitProtocol-SAI_A_AsyncSlave=Enable
SAI2.InitProtocol-SAI_B_SyncSlave=Enable
SAI2.Instance-SAI_A_AsyncSlave=SAI$Index_Block_A
SAI2.Instance-SAI_B_SyncSlave=SAI$Index_Block_B
SAI2.Synchro-SAI_A_AsyncSlave=SAI_ASYNCHRONOUS
SAI2.Synchro-SAI_B_SyncSlave=SAI_SYNCHRONOUS
SAI2.VirtualMode-SAI_A_AsyncSlave=VM_SLAVE
SAI2.VirtualMode-SAI_B_SyncSlave=VM_SLAVE
SAI2.VirtualProtocol-SAI_A_BASIC=VM_BASIC_PROTOCOL
SAI2.VirtualProtocol-SAI_B_BASIC=VM_BASIC_PROTOCOL
SDMMC1.ClockDiv=62
SDMMC1.IPParameters=USE_SD_TRANSCEIVER,ClockDiv
SDMMC1.USE_SD_TRANSCEIVER=0U
SH.ADCx_INP11.0=ADC1_INP11,IN11-Single-Ended
SH.ADCx_INP11.ConfNb=1
SH.ADCx_INP14.0=ADC1_INP14,IN14-Single-Ended
SH.ADCx_INP14.ConfNb=1
SH.ADCx_INP15.0=ADC1_INP15,IN15-Single-Ended
SH.ADCx_INP15.ConfNb=1
SH.ADCx_INP3.0=ADC1_INP3,IN3-Single-Ended
SH.ADCx_INP3.ConfNb=1
SH.ADCx_INP4.0=ADC1_INP4,IN4-Single-Ended
SH.ADCx_INP4.ConfNb=1
SH.ADCx_INP5.0=ADC1_INP5,IN5-Single-Ended
SH.ADCx_INP5.ConfNb=1
SH.COMP_DAC11_group.0=DAC1_OUT1,DAC_OUT1
SH.COMP_DAC11_group.ConfNb=1
SH.COMP_DAC12_group.0=DAC1_OUT2,DAC_OUT2
SH.COMP_DAC12_group.ConfNb=1
SH.FMC_A0.0=FMC_A0,13b-sda1
SH.FMC_A0.ConfNb=1
SH.FMC_A1.0=FMC_A1,13b-sda1
SH.FMC_A1.ConfNb=1
SH.FMC_A10.0=FMC_A10,13b-sda1
SH.FMC_A10.ConfNb=1
SH.FMC_A11.0=FMC_A11,13b-sda1
SH.FMC_A11.ConfNb=1
SH.FMC_A12.0=FMC_A12,13b-sda1
SH.FMC_A12.ConfNb=1
SH.FMC_A14_BA0.0=FMC_BA0,FourSdramBanks1
SH.FMC_A14_BA0.ConfNb=1
SH.FMC_A15_BA1.0=FMC_BA1,FourSdramBanks1
SH.FMC_A15_BA1.ConfNb=1
SH.FMC_A2.0=FMC_A2,13b-sda1
SH.FMC_A2.ConfNb=1
SH.FMC_A3.0=FMC_A3,13b-sda1
SH.FMC_A3.ConfNb=1
SH.FMC_A4.0=FMC_A4,13b-sda1
SH.FMC_A4.ConfNb=1
SH.FMC_A5.0=FMC_A5,13b-sda1
SH.FMC_A5.ConfNb=1
SH.FMC_A6.0=FMC_A6,13b-sda1
SH.FMC_A6.ConfNb=1
SH.FMC_A7.0=FMC_A7,13b-sda1
SH.FMC_A7.ConfNb=1
SH.FMC_A8.0=FMC_A8,13b-sda1
SH.FMC_A8.ConfNb=1
SH.FMC_A9.0=FMC_A9,13b-sda1
SH.FMC_A9.ConfNb=1
SH.FMC_D0_DA0.0=FMC_D0,sd-32b-d1
SH.FMC_D0_DA0.ConfNb=1
SH.FMC_D10_DA10.0=FMC_D10,sd-32b-d1
SH.FMC_D10_DA10.ConfNb=1
SH.FMC_D11_DA11.0=FMC_D11,sd-32b-d1
SH.FMC_D11_DA11.ConfNb=1
SH.FMC_D12_DA12.0=FMC_D12,sd-32b-d1
SH.FMC_D12_DA12.ConfNb=1
SH.FMC_D13_DA13.0=FMC_D13,sd-32b-d1
SH.FMC_D13_DA13.ConfNb=1
SH.FMC_D14_DA14.0=FMC_D14,sd-32b-d1
SH.FMC_D14_DA14.ConfNb=1
SH.FMC_D15_DA15.0=FMC_D15,sd-32b-d1
SH.FMC_D15_DA15.ConfNb=1
SH.FMC_D16.0=FMC_D16,sd-32b-d1
SH.FMC_D16.ConfNb=1
SH.FMC_D17.0=FMC_D17,sd-32b-d1
SH.FMC_D17.ConfNb=1
SH.FMC_D18.0=FMC_D18,sd-32b-d1
SH.FMC_D18.ConfNb=1
SH.FMC_D19.0=FMC_D19,sd-32b-d1
SH.FMC_D19.ConfNb=1
SH.FMC_D1_DA1.0=FMC_D1,sd-32b-d1
SH.FMC_D1_DA1.ConfNb=1
SH.FMC_D20.0=FMC_D20,sd-32b-d1
SH.FMC_D20.ConfNb=1
SH.FMC_D21.0=FMC_D21,sd-32b-d1
SH.FMC_D21.ConfNb=1
SH.FMC_D22.0=FMC_D22,sd-32b-d1
SH.FMC_D22.ConfNb=1
SH.FMC_D23.0=FMC_D23,sd-32b-d1
SH.FMC_D23.ConfNb=1
SH.FMC_D24.0=FMC_D24,sd-32b-d1
SH.FMC_D24.ConfNb=1
SH.FMC_D25.0=FMC_D25,sd-32b-d1
SH.FMC_D25.ConfNb=1
SH.FMC_D26.0=FMC_D26,sd-32b-d1
SH.FMC_D26.ConfNb=1
SH.FMC_D27.0=FMC_D27,sd-32b-d1
SH.FMC_D27.ConfNb=1
SH.FMC_D28.0=FMC_D28,sd-32b-d1
SH.FMC_D28.ConfNb=1
SH.FMC_D29.0=FMC_D29,sd-32b-d1
SH.FMC_D29.ConfNb=1
SH.FMC_D2_DA2.0=FMC_D2,sd-32b-d1
SH.FMC_D2_DA2.ConfNb=1
SH.FMC_D30.0=FMC_D30,sd-32b-d1
SH.FMC_D30.ConfNb=1
SH.FMC_D31.0=FMC_D31,sd-32b-d1
SH.FMC_D31.ConfNb=1
SH.FMC_D3_DA3.0=FMC_D3,sd-32b-d1
SH.FMC_D3_DA3.ConfNb=1
SH.FMC_D4_DA4.0=FMC_D4,sd-32b-d1
SH.FMC_D4_DA4.ConfNb=1
SH.FMC_D5_DA5.0=FMC_D5,sd-32b-d1
SH.FMC_D5_DA5.ConfNb=1
SH.FMC_D6_DA6.0=FMC_D6,sd-32b-d1
SH.FMC_D6_DA6.ConfNb=1
SH.FMC_D7_DA7.0=FMC_D7,sd-32b-d1
SH.FMC_D7_DA7.ConfNb=1
SH.FMC_D8_DA8.0=FMC_D8,sd-32b-d1
SH.FMC_D8_DA8.ConfNb=1
SH.FMC_D9_DA9.0=FMC_D9,sd-32b-d1
SH.FMC_D9_DA9.ConfNb=1
SH.FMC_NBL0.0=FMC_NBL0,Sd4ByteEnable1
SH.FMC_NBL0.ConfNb=1
SH.FMC_NBL1.0=FMC_NBL1,Sd4ByteEnable1
SH.FMC_NBL1.ConfNb=1
SH.FMC_NBL2.0=FMC_NBL2,Sd4ByteEnable1
SH.FMC_NBL2.ConfNb=1
SH.FMC_NBL3.0=FMC_NBL3,Sd4ByteEnable1
SH.FMC_NBL3.ConfNb=1
SH.FMC_SDCLK.0=FMC_SDCLK,13b-sda1
SH.FMC_SDCLK.ConfNb=1
SH.FMC_SDNCAS.0=FMC_SDNCAS,13b-sda1
SH.FMC_SDNCAS.ConfNb=1
SH.FMC_SDNRAS.0=FMC_SDNRAS,13b-sda1
SH.FMC_SDNRAS.ConfNb=1
SH.FMC_SDNWE.0=FMC_SDNWE,13b-sda1
SH.FMC_SDNWE.ConfNb=1
SH.S_TIM3_CH1.0=TIM3_CH1,PWM Generation1 CH1
SH.S_TIM3_CH1.ConfNb=1
SH.S_TIM3_CH2.0=TIM3_CH2,PWM Generation2 CH2
SH.S_TIM3_CH2.ConfNb=1
SH.S_TIM3_CH3.0=TIM3_CH3,PWM Generation3 CH3
SH.S_TIM3_CH3.ConfNb=1
SH.S_TIM4_CH1.0=TIM4_CH1,PWM Generation1 CH1
SH.S_TIM4_CH1.ConfNb=1
SH.S_TIM4_CH2.0=TIM4_CH2,PWM Generation2 CH2
SH.S_TIM4_CH2.ConfNb=1
SH.S_TIM4_CH3.0=TIM4_CH3,PWM Generation3 CH3
SH.S_TIM4_CH3.ConfNb=1
SPI1.BaudRatePrescaler=SPI_BAUDRATEPRESCALER_2
SPI1.CalculateBaudRate=100.0 MBits/s
SPI1.Direction=SPI_DIRECTION_2LINES
SPI1.IPParameters=VirtualType,Mode,Direction,CalculateBaudRate,VirtualNSS,BaudRatePrescaler
SPI1.Mode=SPI_MODE_MASTER
SPI1.VirtualNSS=VM_NSSHARD
SPI1.VirtualType=VM_MASTER
SYS.IPParameters=PVDLevel
SYS.PVDLevel=PWR_PVDLEVEL_4
TIM3.Channel-PWM\ Generation1\ CH1=TIM_CHANNEL_1
TIM3.Channel-PWM\ Generation2\ CH2=TIM_CHANNEL_2
TIM3.Channel-PWM\ Generation3\ CH3=TIM_CHANNEL_3
TIM3.ClockDivision=TIM_CLOCKDIVISION_DIV2
TIM3.IPParameters=Channel-PWM Generation1 CH1,Channel-PWM Generation3 CH3,Channel-PWM Generation2 CH2,Prescaler,Period,ClockDivision
TIM3.Period=4096
TIM3.Prescaler=200
TIM4.Channel-PWM\ Generation1\ CH1=TIM_CHANNEL_1
TIM4.Channel-PWM\ Generation2\ CH2=TIM_CHANNEL_2
TIM4.Channel-PWM\ Generation3\ CH3=TIM_CHANNEL_3
TIM4.ClockDivision=TIM_CLOCKDIVISION_DIV2
TIM4.IPParameters=Channel-PWM Generation1 CH1,Channel-PWM Generation2 CH2,Channel-PWM Generation3 CH3,Prescaler,Period,ClockDivision
TIM4.Period=4096
TIM4.Prescaler=200
TIM6.IPParameters=Prescaler,Period,TIM_MasterOutputTrigger
TIM6.Period=100
TIM6.Prescaler=20
TIM6.TIM_MasterOutputTrigger=TIM_TRGO_RESET
USART3.IPParameters=VirtualMode-Asynchronous
USART3.VirtualMode-Asynchronous=VM_ASYNC
USART6.IPParameters=VirtualMode-Asynchronous
USART6.VirtualMode-Asynchronous=VM_ASYNC
USB_DEVICE.CLASS_NAME_FS=AUDIO
USB_DEVICE.IPParameters=VirtualModeFS,CLASS_NAME_FS,VirtualMode-AUDIO_FS,PRODUCT_STRING_AUDIO_FS,MANUFACTURER_STRING-AUDIO_FS,USBD_AUDIO_FREQ-AUDIO_FS
USB_DEVICE.MANUFACTURER_STRING-AUDIO_FS=Electrosmith
USB_DEVICE.PRODUCT_STRING_AUDIO_FS=Daisy Audio Streaming FS
USB_DEVICE.USBD_AUDIO_FREQ-AUDIO_FS=48000
USB_DEVICE.VirtualMode-AUDIO_FS=Audio
USB_DEVICE.VirtualModeFS=Audio_FS
USB_OTG_FS.IPParameters=VirtualMode
USB_OTG_FS.VirtualMode=Device_Only
VP_FATFS_VS_SDIO.Mode=SDIO
VP_FATFS_VS_SDIO.Signal=FATFS_VS_SDIO
VP_SAI1_VP_$IpInstance_SAIA_SAI_BASIC.Mode=SAI_A_BASIC
VP_SAI1_VP_$IpInstance_SAIA_SAI_BASIC.Signal=SAI1_VP_$IpInstance_SAIA_SAI_BASIC
VP_SAI1_VP_$IpInstance_SAIB_SAI_BASIC.Mode=SAI_B_BASIC
VP_SAI1_VP_$IpInstance_SAIB_SAI_BASIC.Signal=SAI1_VP_$IpInstance_SAIB_SAI_BASIC
VP_SAI2_VP_$IpInstance_SAIA_SAI_BASIC.Mode=SAI_A_BASIC
VP_SAI2_VP_$IpInstance_SAIA_SAI_BASIC.Signal=SAI2_VP_$IpInstance_SAIA_SAI_BASIC
VP_SAI2_VP_$IpInstance_SAIB_SAI_BASIC.Mode=SAI_B_BASIC
VP_SAI2_VP_$IpInstance_SAIB_SAI_BASIC.Signal=SAI2_VP_$IpInstance_SAIB_SAI_BASIC
VP_SYS_VS_Systick.Mode=SysTick
VP_SYS_VS_Systick.Signal=SYS_VS_Systick
VP_SYS_V_PVD_IN.Signal=SYS_V_PVD_IN
VP_TIM3_VS_ClockSourceINT.Mode=Internal
VP_TIM3_VS_ClockSourceINT.Signal=TIM3_VS_ClockSourceINT
VP_TIM4_VS_ClockSourceINT.Mode=Internal
VP_TIM4_VS_ClockSourceINT.Signal=TIM4_VS_ClockSourceINT
VP_TIM6_VS_ClockSourceINT.Mode=Enable_Timer
VP_TIM6_VS_ClockSourceINT.Signal=TIM6_VS_ClockSourceINT
VP_USB_DEVICE_VS_USB_DEVICE_AUDIO_FS.Mode=AUDIO_FS
VP_USB_DEVICE_VS_USB_DEVICE_AUDIO_FS.Signal=USB_DEVICE_VS_USB_DEVICE_AUDIO_FS
board=custom
